
Microsoft Visual Studio Solution File, Format Version 12.00
# Visual Studio Version 17
VisualStudioVersion = 17.0.31919.166
MinimumVisualStudioVersion = 10.0.40219.1
Project("{FAE04EC0-301F-11D3-BF4B-00C04F79EFBC}") = "For-Loop-and-Break-Continue", "For-Loop-and-Break-Continue\For-Loop-and-Break-Continue.csproj", "{27337146-7961-4A01-9069-C27001240CEE}"
EndProject
Global
	GlobalSection(SolutionConfigurationPlatforms) = preSolution
		Debug|Any CPU = Debug|Any CPU
		Release|Any CPU = Release|Any CPU
	EndGlobalSection
	GlobalSection(ProjectConfigurationPlatforms) = postSolution
		{27337146-7961-4A01-9069-C27001240CEE}.Debug|Any CPU.ActiveCfg = Debug|Any CPU
		{27337146-7961-4A01-9069-C27001240CEE}.Debug|Any CPU.Build.0 = Debug|Any CPU
		{27337146-7961-4A01-9069-C27001240CEE}.Release|Any CPU.ActiveCfg = Release|Any CPU
		{27337146-7961-4A01-9069-C27001240CEE}.Release|Any CPU.Build.0 = Release|Any CPU
	EndGlobalSection
	GlobalSection(SolutionProperties) = preSolution
		HideSolutionNode = FALSE
	EndGlobalSection
	GlobalSection(ExtensibilityGlobals) = postSolution
		SolutionGuid = {B6929E02-0201-4119-BF49-D80D36B6A8FE}
	EndGlobalSection
EndGlobal
